
Microsoft Visual Studio Solution File, Format Version 12.00
# Visual Studio Version 16
VisualStudioVersion = 16.0.31729.503
MinimumVisualStudioVersion = 10.0.40219.1
Project("{FAE04EC0-301F-11D3-BF4B-00C04F79EFBC}") = "S3-Projet", "S3-Projet\S3-Projet.csproj", "{7F21954E-5AAD-4850-8D8B-100359EF552C}"
EndProject
Global
	GlobalSection(SolutionConfigurationPlatforms) = preSolution
		Debug|Any CPU = Debug|Any CPU
		Release|Any CPU = Release|Any CPU
	EndGlobalSection
	GlobalSection(ProjectConfigurationPlatforms) = postSolution
		{7F21954E-5AAD-4850-8D8B-100359EF552C}.Debug|Any CPU.ActiveCfg = Debug|Any CPU
		{7F21954E-5AAD-4850-8D8B-100359EF552C}.Debug|Any CPU.Build.0 = Debug|Any CPU
		{7F21954E-5AAD-4850-8D8B-100359EF552C}.Release|Any CPU.ActiveCfg = Release|Any CPU
		{7F21954E-5AAD-4850-8D8B-100359EF552C}.Release|Any CPU.Build.0 = Release|Any CPU
	EndGlobalSection
	GlobalSection(SolutionProperties) = preSolution
		HideSolutionNode = FALSE
	EndGlobalSection
	GlobalSection(ExtensibilityGlobals) = postSolution
		SolutionGuid = {48207759-CA89-4195-9A84-8DD96E766EC7}
	EndGlobalSection
EndGlobal
